
Microsoft Visual Studio Solution File, Format Version 12.00
# Visual Studio Version 17
VisualStudioVersion = 17.4.33213.308
MinimumVisualStudioVersion = 10.0.40219.1
Project("{FAE04EC0-301F-11D3-BF4B-00C04F79EFBC}") = "AbbakhshOs4", "AbbakhshOs4\AbbakhshOs4.csproj", "{46B2372C-2F61-4B59-BC06-186AD0A871FF}"
EndProject
Global
	GlobalSection(SolutionConfigurationPlatforms) = preSolution
		Debug|Any CPU = Debug|Any CPU
		Release|Any CPU = Release|Any CPU
	EndGlobalSection
	GlobalSection(ProjectConfigurationPlatforms) = postSolution
		{46B2372C-2F61-4B59-BC06-186AD0A871FF}.Debug|Any CPU.ActiveCfg = Debug|Any CPU
		{46B2372C-2F61-4B59-BC06-186AD0A871FF}.Debug|Any CPU.Build.0 = Debug|Any CPU
		{46B2372C-2F61-4B59-BC06-186AD0A871FF}.Release|Any CPU.ActiveCfg = Release|Any CPU
		{46B2372C-2F61-4B59-BC06-186AD0A871FF}.Release|Any CPU.Build.0 = Release|Any CPU
	EndGlobalSection
	GlobalSection(SolutionProperties) = preSolution
		HideSolutionNode = FALSE
	EndGlobalSection
	GlobalSection(ExtensibilityGlobals) = postSolution
		SolutionGuid = {6B417EA9-47D0-4D51-A57C-B45F8ED2A70B}
	EndGlobalSection
EndGlobal
